# This file was autogenerated by Stack.
# You should not edit this file by hand.
# For more information, please see the documentation at:
#   https://docs.haskellstack.org/en/stable/lock_files

packages:
- completed:
    name: mf-library
    version: 0.1.0.0
    git: https://github.com/daniel-raffler/mf-library.git
    pantry-tree:
      size: 642
      sha256: 16b44497d97e34e5c44facacab58e938d885e55a79cec85d7913eff19f6ed042
    commit: 15f2aa0e977d91e291dc1d3f52f967b7f0d5ee8b
  original:
    git: https://github.com/daniel-raffler/mf-library.git
    commit: 15f2aa0e977d91e291dc1d3f52f967b7f0d5ee8b
snapshots:
- completed:
    size: 616897
    url: https://raw.githubusercontent.com/commercialhaskell/stackage-snapshots/master/lts/19/0.yaml
    sha256: bbf2be02f17940bac1f87cb462d4fb0c3355de6dcfc53d84f4f9ad3ee2164f65
  original: lts-19.0
